// !$*UTF8*$!
{
	archiveVersion = 1;
	classes = {
	};
	objectVersion = 50;
	objects = {

/* Begin PBXBuildFile section */
		0679796F2336C0FB008414A6 /* AppDelegate.m in Sources */ = {isa = PBXBuildFile; fileRef = 0679796E2336C0FB008414A6 /* AppDelegate.m */; };
		067979722336C0FB008414A6 /* SceneDelegate.m in Sources */ = {isa = PBXBuildFile; fileRef = 067979712336C0FB008414A6 /* SceneDelegate.m */; };
		067979752336C0FB008414A6 /* ViewController.m in Sources */ = {isa = PBXBuildFile; fileRef = 067979742336C0FB008414A6 /* ViewController.m */; };
		067979782336C0FB008414A6 /* Main.storyboard in Resources */ = {isa = PBXBuildFile; fileRef = 067979762336C0FB008414A6 /* Main.storyboard */; };
		0679797A2336C0FD008414A6 /* Assets.xcassets in Resources */ = {isa = PBXBuildFile; fileRef = 067979792336C0FD008414A6 /* Assets.xcassets */; };
		0679797D2336C0FD008414A6 /* LaunchScreen.storyboard in Resources */ = {isa = PBXBuildFile; fileRef = 0679797B2336C0FD008414A6 /* LaunchScreen.storyboard */; };
		067979802336C0FD008414A6 /* main.m in Sources */ = {isa = PBXBuildFile; fileRef = 0679797F2336C0FD008414A6 /* main.m */; };
		067979882336C6EB008414A6 /* testCfile.c in Sources */ = {isa = PBXBuildFile; fileRef = 067979872336C6EB008414A6 /* testCfile.c */; };
		0679798A2336D69B008414A6 /* AssemblyFile.s in Sources */ = {isa = PBXBuildFile; fileRef = 067979892336D69B008414A6 /* AssemblyFile.s */; };
/* End PBXBuildFile section */

/* Begin PBXFileReference section */
		0679796A2336C0FB008414A6 /* Assembler_tester.app */ = {isa = PBXFileReference; explicitFileType = wrapper.application; includeInIndex = 0; path = Assembler_tester.app; sourceTree = BUILT_PRODUCTS_DIR; };
		0679796D2336C0FB008414A6 /* AppDelegate.h */ = {isa = PBXFileReference; lastKnownFileType = sourcecode.c.h; path = AppDelegate.h; sourceTree = "<group>"; };
		0679796E2336C0FB008414A6 /* AppDelegate.m */ = {isa = PBXFileReference; lastKnownFileType = sourcecode.c.objc; path = AppDelegate.m; sourceTree = "<group>"; };
		067979702336C0FB008414A6 /* SceneDelegate.h */ = {isa = PBXFileReference; lastKnownFileType = sourcecode.c.h; path = SceneDelegate.h; sourceTree = "<group>"; };
		067979712336C0FB008414A6 /* SceneDelegate.m */ = {isa = PBXFileReference; lastKnownFileType = sourcecode.c.objc; path = SceneDelegate.m; sourceTree = "<group>"; };
		067979732336C0FB008414A6 /* ViewController.h */ = {isa = PBXFileReference; lastKnownFileType = sourcecode.c.h; path = ViewController.h; sourceTree = "<group>"; };
		067979742336C0FB008414A6 /* ViewController.m */ = {isa = PBXFileReference; lastKnownFileType = sourcecode.c.objc; path = ViewController.m; sourceTree = "<group>"; };
		067979772336C0FB008414A6 /* Base */ = {isa = PBXFileReference; lastKnownFileType = file.storyboard; name = Base; path = Base.lproj/Main.storyboard; sourceTree = "<group>"; };
		067979792336C0FD008414A6 /* Assets.xcassets */ = {isa = PBXFileReference; lastKnownFileType = folder.assetcatalog; path = Assets.xcassets; sourceTree = "<group>"; };
		0679797C2336C0FD008414A6 /* Base */ = {isa = PBXFileReference; lastKnownFileType = file.storyboard; name = Base; path = Base.lproj/LaunchScreen.storyboard; sourceTree = "<group>"; };
		0679797E2336C0FD008414A6 /* Info.plist */ = {isa = PBXFileReference; lastKnownFileType = text.plist.xml; path = Info.plist; sourceTree = "<group>"; };
		0679797F2336C0FD008414A6 /* main.m */ = {isa = PBXFileReference; lastKnownFileType = sourcecode.c.objc; path = main.m; sourceTree = "<group>"; };
		067979862336C6EB008414A6 /* testCfile.h */ = {isa = PBXFileReference; lastKnownFileType = sourcecode.c.h; path = testCfile.h; sourceTree = "<group>"; };
		067979872336C6EB008414A6 /* testCfile.c */ = {isa = PBXFileReference; lastKnownFileType = sourcecode.c.c; path = testCfile.c; sourceTree = "<group>"; };
		067979892336D69B008414A6 /* AssemblyFile.s */ = {isa = PBXFileReference; lastKnownFileType = sourcecode.asm; path = AssemblyFile.s; sourceTree = "<group>"; };
/* End PBXFileReference section */

/* Begin PBXFrameworksBuildPhase section */
		067979672336C0FB008414A6 /* Frameworks */ = {
			isa = PBXFrameworksBuildPhase;
			buildActionMask = 2147483647;
			files = (
			);
			runOnlyForDeploymentPostprocessing = 0;
		};
/* End PBXFrameworksBuildPhase section */

/* Begin PBXGroup section */
		067979612336C0FB008414A6 = {
			isa = PBXGroup;
			children = (
				0679796C2336C0FB008414A6 /* Assembler_tester */,
				0679796B2336C0FB008414A6 /* Products */,
			);
			sourceTree = "<group>";
		};
		0679796B2336C0FB008414A6 /* Products */ = {
			isa = PBXGroup;
			children = (
				0679796A2336C0FB008414A6 /* Assembler_tester.app */,
			);
			name = Products;
			sourceTree = "<group>";
		};
		0679796C2336C0FB008414A6 /* Assembler_tester */ = {
			isa = PBXGroup;
			children = (
				0679796D2336C0FB008414A6 /* AppDelegate.h */,
				0679796E2336C0FB008414A6 /* AppDelegate.m */,
				067979702336C0FB008414A6 /* SceneDelegate.h */,
				067979712336C0FB008414A6 /* SceneDelegate.m */,
				067979732336C0FB008414A6 /* ViewController.h */,
				067979742336C0FB008414A6 /* ViewController.m */,
				067979762336C0FB008414A6 /* Main.storyboard */,
				067979792336C0FD008414A6 /* Assets.xcassets */,
				0679797B2336C0FD008414A6 /* LaunchScreen.storyboard */,
				0679797E2336C0FD008414A6 /* Info.plist */,
				0679797F2336C0FD008414A6 /* main.m */,
				067979862336C6EB008414A6 /* testCfile.h */,
				067979872336C6EB008414A6 /* testCfile.c */,
				067979892336D69B008414A6 /* AssemblyFile.s */,
			);
			path = Assembler_tester;
			sourceTree = "<group>";
		};
/* End PBXGroup section */

/* Begin PBXNativeTarget section */
		067979692336C0FB008414A6 /* Assembler_tester */ = {
			isa = PBXNativeTarget;
			buildConfigurationList = 067979832336C0FD008414A6 /* Build configuration list for PBXNativeTarget "Assembler_tester" */;
			buildPhases = (
				067979662336C0FB008414A6 /* Sources */,
				067979672336C0FB008414A6 /* Frameworks */,
				067979682336C0FB008414A6 /* Resources */,
			);
			buildRules = (
			);
			dependencies = (
			);
			name = Assembler_tester;
			productName = Assembler_tester;
			productReference = 0679796A2336C0FB008414A6 /* Assembler_tester.app */;
			productType = "com.apple.product-type.application";
		};
/* End PBXNativeTarget section */

/* Begin PBXProject section */
		067979622336C0FB008414A6 /* Project object */ = {
			isa = PBXProject;
			attributes = {
				LastUpgradeCheck = 1100;
				ORGANIZATIONNAME = "Taylor, Matthew";
				TargetAttributes = {
					067979692336C0FB008414A6 = {
						CreatedOnToolsVersion = 11.0;
					};
				};
			};
			buildConfigurationList = 067979652336C0FB008414A6 /* Build configuration list for PBXProject "Assembler_tester" */;
			compatibilityVersion = "Xcode 9.3";
			developmentRegion = en;
			hasScannedForEncodings = 0;
			knownRegions = (
				en,
				Base,
			);
			mainGroup = 067979612336C0FB008414A6;
			productRefGroup = 0679796B2336C0FB008414A6 /* Products */;
			projectDirPath = "";
			projectRoot = "";
			targets = (
				067979692336C0FB008414A6 /* Assembler_tester */,
			);
		};
/* End PBXProject section */

/* Begin PBXResourcesBuildPhase section */
		067979682336C0FB008414A6 /* Resources */ = {
			isa = PBXResourcesBuildPhase;
			buildActionMask = 2147483647;
			files = (
				0679797D2336C0FD008414A6 /* LaunchScreen.storyboard in Resources */,
				0679797A2336C0FD008414A6 /* Assets.xcassets in Resources */,
				067979782336C0FB008414A6 /* Main.storyboard in Resources */,
			);
			runOnlyForDeploymentPostprocessing = 0;
		};
/* End PBXResourcesBuildPhase section */

/* Begin PBXSourcesBuildPhase section */
		067979662336C0FB008414A6 /* Sources */ = {
			isa = PBXSourcesBuildPhase;
			buildActionMask = 2147483647;
			files = (
				067979882336C6EB008414A6 /* testCfile.c in Sources */,
				067979752336C0FB008414A6 /* ViewController.m in Sources */,
				0679796F2336C0FB008414A6 /* AppDelegate.m in Sources */,
				0679798A2336D69B008414A6 /* AssemblyFile.s in Sources */,
				067979802336C0FD008414A6 /* main.m in Sources */,
				067979722336C0FB008414A6 /* SceneDelegate.m in Sources */,
			);
			runOnlyForDeploymentPostprocessing = 0;
		};
/* End PBXSourcesBuildPhase section */

/* Begin PBXVariantGroup section */
		067979762336C0FB008414A6 /* Main.storyboard */ = {
			isa = PBXVariantGroup;
			children = (
				067979772336C0FB008414A6 /* Base */,
			);
			name = Main.storyboard;
			sourceTree = "<group>";
		};
		0679797B2336C0FD008414A6 /* LaunchScreen.storyboard */ = {
			isa = PBXVariantGroup;
			children = (
				0679797C2336C0FD008414A6 /* Base */,
			);
			name = LaunchScreen.storyboard;
			sourceTree = "<group>";
		};
/* End PBXVariantGroup section */

/* Begin XCBuildConfiguration section */
		067979812336C0FD008414A6 /* Debug */ = {
			isa = XCBuildConfiguration;
			buildSettings = {
				ALWAYS_SEARCH_USER_PATHS = NO;
				CLANG_ANALYZER_NONNULL = YES;
				CLANG_ANALYZER_NUMBER_OBJECT_CONVERSION = YES_AGGRESSIVE;
				CLANG_CXX_LANGUAGE_STANDARD = "gnu++14";
				CLANG_CXX_LIBRARY = "libc++";
				CLANG_ENABLE_MODULES = YES;
				CLANG_ENABLE_OBJC_ARC = YES;
				CLANG_ENABLE_OBJC_WEAK = YES;
				CLANG_WARN_BLOCK_CAPTURE_AUTORELEASING = YES;
				CLANG_WARN_BOOL_CONVERSION = YES;
				CLANG_WARN_COMMA = YES;
				CLANG_WARN_CONSTANT_CONVERSION = YES;
				CLANG_WARN_DEPRECATED_OBJC_IMPLEMENTATIONS = YES;
				CLANG_WARN_DIRECT_OBJC_ISA_USAGE = YES_ERROR;
				CLANG_WARN_DOCUMENTATION_COMMENTS = YES;
				CLANG_WARN_EMPTY_BODY = YES;
				CLANG_WARN_ENUM_CONVERSION = YES;
				CLANG_WARN_INFINITE_RECURSION = YES;
				CLANG_WARN_INT_CONVERSION = YES;
				CLANG_WARN_NON_LITERAL_NULL_CONVERSION = YES;
				CLANG_WARN_OBJC_IMPLICIT_RETAIN_SELF = YES;
				CLANG_WARN_OBJC_LITERAL_CONVERSION = YES;
				CLANG_WARN_OBJC_ROOT_CLASS = YES_ERROR;
				CLANG_WARN_RANGE_LOOP_ANALYSIS = YES;
				CLANG_WARN_STRICT_PROTOTYPES = YES;
				CLANG_WARN_SUSPICIOUS_MOVE = YES;
				CLANG_WARN_UNGUARDED_AVAILABILITY = YES_AGGRESSIVE;
				CLANG_WARN_UNREACHABLE_CODE = YES;
				CLANG_WARN__DUPLICATE_METHOD_MATCH = YES;
				CODE_SIGN_IDENTITY = "iPhone Developer";
				COPY_PHASE_STRIP = NO;
				DEBUG_INFORMATION_FORMAT = dwarf;
				DEVELOPMENT_TEAM = GW5N8PKQ64;
				ENABLE_STRICT_OBJC_MSGSEND = YES;
				ENABLE_TESTABILITY = YES;
				GCC_C_LANGUAGE_STANDARD = gnu11;
				GCC_DYNAMIC_NO_PIC = NO;
				GCC_NO_COMMON_BLOCKS = YES;
				GCC_OPTIMIZATION_LEVEL = 0;
				GCC_PREPROCESSOR_DEFINITIONS = (
					"DEBUG=1",
					"$(inherited)",
				);
				GCC_WARN_64_TO_32_BIT_CONVERSION = YES;
				GCC_WARN_ABOUT_RETURN_TYPE = YES_ERROR;
				GCC_WARN_UNDECLARED_SELECTOR = YES;
				GCC_WARN_UNINITIALIZED_AUTOS = YES_AGGRESSIVE;
				GCC_WARN_UNUSED_FUNCTION = YES;
				GCC_WARN_UNUSED_VARIABLE = YES;
				IPHONEOS_DEPLOYMENT_TARGET = 13.0;
				MTL_ENABLE_DEBUG_INFO = INCLUDE_SOURCE;
				MTL_FAST_MATH = YES;
				ONLY_ACTIVE_ARCH = YES;
				SDKROOT = iphoneos;
			};
			name = Debug;
		};
		067979822336C0FD008414A6 /* Release */ = {
			isa = XCBuildConfiguration;
			buildSettings = {
				ALWAYS_SEARCH_USER_PATHS = NO;
				CLANG_ANALYZER_NONNULL = YES;
				CLANG_ANALYZER_NUMBER_OBJECT_CONVERSION = YES_AGGRESSIVE;
				CLANG_CXX_LANGUAGE_STANDARD = "gnu++14";
				CLANG_CXX_LIBRARY = "libc++";
				CLANG_ENABLE_MODULES = YES;
				CLANG_ENABLE_OBJC_ARC = YES;
				CLANG_ENABLE_OBJC_WEAK = YES;
				CLANG_WARN_BLOCK_CAPTURE_AUTORELEASING = YES;
				CLANG_WARN_BOOL_CONVERSION = YES;
				CLANG_WARN_COMMA = YES;
				CLANG_WARN_CONSTANT_CONVERSION = YES;
				CLANG_WARN_DEPRECATED_OBJC_IMPLEMENTATIONS = YES;
				CLANG_WARN_DIRECT_OBJC_ISA_USAGE = YES_ERROR;
				CLANG_WARN_DOCUMENTATION_COMMENTS = YES;
				CLANG_WARN_EMPTY_BODY = YES;
				CLANG_WARN_ENUM_CONVERSION = YES;
				CLANG_WARN_INFINITE_RECURSION = YES;
				CLANG_WARN_INT_CONVERSION = YES;
				CLANG_WARN_NON_LITERAL_NULL_CONVERSION = YES;
				CLANG_WARN_OBJC_IMPLICIT_RETAIN_SELF = YES;
				CLANG_WARN_OBJC_LITERAL_CONVERSION = YES;
				CLANG_WARN_OBJC_ROOT_CLASS = YES_ERROR;
				CLANG_WARN_RANGE_LOOP_ANALYSIS = YES;
				CLANG_WARN_STRICT_PROTOTYPES = YES;
				CLANG_WARN_SUSPICIOUS_MOVE = YES;
				CLANG_WARN_UNGUARDED_AVAILABILITY = YES_AGGRESSIVE;
				CLANG_WARN_UNREACHABLE_CODE = YES;
				CLANG_WARN__DUPLICATE_METHOD_MATCH = YES;
				CODE_SIGN_IDENTITY = "iPhone Developer";
				COPY_PHASE_STRIP = NO;
				DEBUG_INFORMATION_FORMAT = "dwarf-with-dsym";
				DEVELOPMENT_TEAM = GW5N8PKQ64;
				ENABLE_NS_ASSERTIONS = NO;
				ENABLE_STRICT_OBJC_MSGSEND = YES;
				GCC_C_LANGUAGE_STANDARD = gnu11;
				GCC_NO_COMMON_BLOCKS = YES;
				GCC_WARN_64_TO_32_BIT_CONVERSION = YES;
				GCC_WARN_ABOUT_RETURN_TYPE = YES_ERROR;
				GCC_WARN_UNDECLARED_SELECTOR = YES;
				GCC_WARN_UNINITIALIZED_AUTOS = YES_AGGRESSIVE;
				GCC_WARN_UNUSED_FUNCTION = YES;
				GCC_WARN_UNUSED_VARIABLE = YES;
				IPHONEOS_DEPLOYMENT_TARGET = 13.0;
				MTL_ENABLE_DEBUG_INFO = NO;
				MTL_FAST_MATH = YES;
				SDKROOT = iphoneos;
				VALIDATE_PRODUCT = YES;
			};
			name = Release;
		};
		067979842336C0FD008414A6 /* Debug */ = {
			isa = XCBuildConfiguration;
			buildSettings = {
				ASSETCATALOG_COMPILER_APPICON_NAME = AppIcon;
				CODE_SIGN_STYLE = Automatic;
				INFOPLIST_FILE = Assembler_tester/Info.plist;
				LD_RUNPATH_SEARCH_PATHS = (
					"$(inherited)",
					"@executable_path/Frameworks",
				);
				PRODUCT_BUNDLE_IDENTIFIER = "proto.thirtyeight.com.Assembler-tester";
				PRODUCT_NAME = "$(TARGET_NAME)";
				TARGETED_DEVICE_FAMILY = "1,2";
			};
			name = Debug;
		};
		067979852336C0FD008414A6 /* Release */ = {
			isa = XCBuildConfiguration;
			buildSettings = {
				ASSETCATALOG_COMPILER_APPICON_NAME = AppIcon;
				CODE_SIGN_STYLE = Automatic;
				INFOPLIST_FILE = Assembler_tester/Info.plist;
				LD_RUNPATH_SEARCH_PATHS = (
					"$(inherited)",
					"@executable_path/Frameworks",
				);
				PRODUCT_BUNDLE_IDENTIFIER = "proto.thirtyeight.com.Assembler-tester";
				PRODUCT_NAME = "$(TARGET_NAME)";
				TARGETED_DEVICE_FAMILY = "1,2";
			};
			name = Release;
		};
/* End XCBuildConfiguration section */

/* Begin XCConfigurationList section */
		067979652336C0FB008414A6 /* Build configuration list for PBXProject "Assembler_tester" */ = {
			isa = XCConfigurationList;
			buildConfigurations = (
				067979812336C0FD008414A6 /* Debug */,
				067979822336C0FD008414A6 /* Release */,
			);
			defaultConfigurationIsVisible = 0;
			defaultConfigurationName = Release;
		};
		067979832336C0FD008414A6 /* Build configuration list for PBXNativeTarget "Assembler_tester" */ = {
			isa = XCConfigurationList;
			buildConfigurations = (
				067979842336C0FD008414A6 /* Debug */,
				067979852336C0FD008414A6 /* Release */,
			);
			defaultConfigurationIsVisible = 0;
			defaultConfigurationName = Release;
		};
/* End XCConfigurationList section */
	};
	rootObject = 067979622336C0FB008414A6 /* Project object */;
}
